// !$*UTF8*$!
{
	archiveVersion = 1;
	classes = {
	};
	objectVersion = 46;
	objects = {

/* Begin PBXBuildFile section */
		50DED9B51D066FD800D2EAD7 /* main.m in Sources */ = {isa = PBXBuildFile; fileRef = 50DED9B41D066FD800D2EAD7 /* main.m */; };
		50DEDA0E1D069FF400D2EAD7 /* CocosTagLib.framework in Frameworks */ = {isa = PBXBuildFile; fileRef = 50DEDA0D1D069FF400D2EAD7 /* CocosTagLib.framework */; };
/* End PBXBuildFile section */

/* Begin PBXCopyFilesBuildPhase section */
		50DED9AF1D066FD800D2EAD7 /* CopyFiles */ = {
			isa = PBXCopyFilesBuildPhase;
			buildActionMask = 2147483647;
			dstPath = /usr/share/man/man1/;
			dstSubfolderSpec = 0;
			files = (
			);
			runOnlyForDeploymentPostprocessing = 1;
		};
/* End PBXCopyFilesBuildPhase section */

/* Begin PBXFileReference section */
		50DED9B11D066FD800D2EAD7 /* macDemo */ = {isa = PBXFileReference; explicitFileType = "compiled.mach-o.executable"; includeInIndex = 0; path = macDemo; sourceTree = BUILT_PRODUCTS_DIR; };
		50DED9B41D066FD800D2EAD7 /* main.m */ = {isa = PBXFileReference; explicitFileType = sourcecode.cpp.objcpp; path = main.m; sourceTree = "<group>"; };
		50DEDA0D1D069FF400D2EAD7 /* CocosTagLib.framework */ = {isa = PBXFileReference; lastKnownFileType = wrapper.framework; name = CocosTagLib.framework; path = ../CocosTagLib/Products/CocosTagLib.framework; sourceTree = "<group>"; };
/* End PBXFileReference section */

/* Begin PBXFrameworksBuildPhase section */
		50DED9AE1D066FD800D2EAD7 /* Frameworks */ = {
			isa = PBXFrameworksBuildPhase;
			buildActionMask = 2147483647;
			files = (
				50DEDA0E1D069FF400D2EAD7 /* CocosTagLib.framework in Frameworks */,
			);
			runOnlyForDeploymentPostprocessing = 0;
		};
/* End PBXFrameworksBuildPhase section */

/* Begin PBXGroup section */
		50DED9A81D066FD800D2EAD7 = {
			isa = PBXGroup;
			children = (
				50DEDA0D1D069FF400D2EAD7 /* CocosTagLib.framework */,
				50DED9B31D066FD800D2EAD7 /* macDemo */,
				50DED9B21D066FD800D2EAD7 /* Products */,
			);
			sourceTree = "<group>";
		};
		50DED9B21D066FD800D2EAD7 /* Products */ = {
			isa = PBXGroup;
			children = (
				50DED9B11D066FD800D2EAD7 /* macDemo */,
			);
			name = Products;
			sourceTree = "<group>";
		};
		50DED9B31D066FD800D2EAD7 /* macDemo */ = {
			isa = PBXGroup;
			children = (
				50DED9B41D066FD800D2EAD7 /* main.m */,
			);
			path = macDemo;
			sourceTree = "<group>";
		};
/* End PBXGroup section */

/* Begin PBXNativeTarget section */
		50DED9B01D066FD800D2EAD7 /* macDemo */ = {
			isa = PBXNativeTarget;
			buildConfigurationList = 50DED9B81D066FD800D2EAD7 /* Build configuration list for PBXNativeTarget "macDemo" */;
			buildPhases = (
				50DED9AD1D066FD800D2EAD7 /* Sources */,
				50DED9AE1D066FD800D2EAD7 /* Frameworks */,
				50DED9AF1D066FD800D2EAD7 /* CopyFiles */,
			);
			buildRules = (
			);
			dependencies = (
			);
			name = macDemo;
			productName = macDemo;
			productReference = 50DED9B11D066FD800D2EAD7 /* macDemo */;
			productType = "com.apple.product-type.tool";
		};
/* End PBXNativeTarget section */

/* Begin PBXProject section */
		50DED9A91D066FD800D2EAD7 /* Project object */ = {
			isa = PBXProject;
			attributes = {
				LastUpgradeCheck = 0730;
				ORGANIZATIONNAME = seemeHJ;
				TargetAttributes = {
					50DED9B01D066FD800D2EAD7 = {
						CreatedOnToolsVersion = 7.3.1;
					};
				};
			};
			buildConfigurationList = 50DED9AC1D066FD800D2EAD7 /* Build configuration list for PBXProject "macDemo" */;
			compatibilityVersion = "Xcode 3.2";
			developmentRegion = English;
			hasScannedForEncodings = 0;
			knownRegions = (
				en,
			);
			mainGroup = 50DED9A81D066FD800D2EAD7;
			productRefGroup = 50DED9B21D066FD800D2EAD7 /* Products */;
			projectDirPath = "";
			projectRoot = "";
			targets = (
				50DED9B01D066FD800D2EAD7 /* macDemo */,
			);
		};
/* End PBXProject section */

/* Begin PBXSourcesBuildPhase section */
		50DED9AD1D066FD800D2EAD7 /* Sources */ = {
			isa = PBXSourcesBuildPhase;
			buildActionMask = 2147483647;
			files = (
				50DED9B51D066FD800D2EAD7 /* main.m in Sources */,
			);
			runOnlyForDeploymentPostprocessing = 0;
		};
/* End PBXSourcesBuildPhase section */

/* Begin XCBuildConfiguration section */
		50DED9B61D066FD800D2EAD7 /* Debug */ = {
			isa = XCBuildConfiguration;
			buildSettings = {
				ALWAYS_SEARCH_USER_PATHS = NO;
				CLANG_ANALYZER_NONNULL = YES;
				CLANG_CXX_LANGUAGE_STANDARD = "gnu++0x";
				CLANG_CXX_LIBRARY = "libc++";
				CLANG_ENABLE_MODULES = YES;
				CLANG_ENABLE_OBJC_ARC = YES;
				CLANG_WARN_BOOL_CONVERSION = YES;
				CLANG_WARN_CONSTANT_CONVERSION = YES;
				CLANG_WARN_DIRECT_OBJC_ISA_USAGE = YES_ERROR;
				CLANG_WARN_EMPTY_BODY = YES;
				CLANG_WARN_ENUM_CONVERSION = YES;
				CLANG_WARN_INT_CONVERSION = YES;
				CLANG_WARN_OBJC_ROOT_CLASS = YES_ERROR;
				CLANG_WARN_UNREACHABLE_CODE = YES;
				CLANG_WARN__DUPLICATE_METHOD_MATCH = YES;
				CODE_SIGN_IDENTITY = "-";
				COPY_PHASE_STRIP = NO;
				DEBUG_INFORMATION_FORMAT = dwarf;
				ENABLE_STRICT_OBJC_MSGSEND = YES;
				ENABLE_TESTABILITY = YES;
				GCC_C_LANGUAGE_STANDARD = gnu99;
				GCC_DYNAMIC_NO_PIC = NO;
				GCC_NO_COMMON_BLOCKS = YES;
				GCC_OPTIMIZATION_LEVEL = 0;
				GCC_PREPROCESSOR_DEFINITIONS = (
					"DEBUG=1",
					"$(inherited)",
				);
				GCC_WARN_64_TO_32_BIT_CONVERSION = YES;
				GCC_WARN_ABOUT_RETURN_TYPE = YES_ERROR;
				GCC_WARN_UNDECLARED_SELECTOR = YES;
				GCC_WARN_UNINITIALIZED_AUTOS = YES_AGGRESSIVE;
				GCC_WARN_UNUSED_FUNCTION = YES;
				GCC_WARN_UNUSED_VARIABLE = YES;
				MACOSX_DEPLOYMENT_TARGET = 10.11;
				MTL_ENABLE_DEBUG_INFO = YES;
				ONLY_ACTIVE_ARCH = YES;
				SDKROOT = macosx;
			};
			name = Debug;
		};
		50DED9B71D066FD800D2EAD7 /* Release */ = {
			isa = XCBuildConfiguration;
			buildSettings = {
				ALWAYS_SEARCH_USER_PATHS = NO;
				CLANG_ANALYZER_NONNULL = YES;
				CLANG_CXX_LANGUAGE_STANDARD = "gnu++0x";
				CLANG_CXX_LIBRARY = "libc++";
				CLANG_ENABLE_MODULES = YES;
				CLANG_ENABLE_OBJC_ARC = YES;
				CLANG_WARN_BOOL_CONVERSION = YES;
				CLANG_WARN_CONSTANT_CONVERSION = YES;
				CLANG_WARN_DIRECT_OBJC_ISA_USAGE = YES_ERROR;
				CLANG_WARN_EMPTY_BODY = YES;
				CLANG_WARN_ENUM_CONVERSION = YES;
				CLANG_WARN_INT_CONVERSION = YES;
				CLANG_WARN_OBJC_ROOT_CLASS = YES_ERROR;
				CLANG_WARN_UNREACHABLE_CODE = YES;
				CLANG_WARN__DUPLICATE_METHOD_MATCH = YES;
				CODE_SIGN_IDENTITY = "-";
				COPY_PHASE_STRIP = NO;
				DEBUG_INFORMATION_FORMAT = "dwarf-with-dsym";
				ENABLE_NS_ASSERTIONS = NO;
				ENABLE_STRICT_OBJC_MSGSEND = YES;
				GCC_C_LANGUAGE_STANDARD = gnu99;
				GCC_NO_COMMON_BLOCKS = YES;
				GCC_WARN_64_TO_32_BIT_CONVERSION = YES;
				GCC_WARN_ABOUT_RETURN_TYPE = YES_ERROR;
				GCC_WARN_UNDECLARED_SELECTOR = YES;
				GCC_WARN_UNINITIALIZED_AUTOS = YES_AGGRESSIVE;
				GCC_WARN_UNUSED_FUNCTION = YES;
				GCC_WARN_UNUSED_VARIABLE = YES;
				MACOSX_DEPLOYMENT_TARGET = 10.11;
				MTL_ENABLE_DEBUG_INFO = NO;
				SDKROOT = macosx;
			};
			name = Release;
		};
		50DED9B91D066FD800D2EAD7 /* Debug */ = {
			isa = XCBuildConfiguration;
			buildSettings = {
				FRAMEWORK_SEARCH_PATHS = (
					"$(inherited)",
					"$(PROJECT_DIR)",
				);
				PRODUCT_NAME = "$(TARGET_NAME)";
			};
			name = Debug;
		};
		50DED9BA1D066FD800D2EAD7 /* Release */ = {
			isa = XCBuildConfiguration;
			buildSettings = {
				FRAMEWORK_SEARCH_PATHS = (
					"$(inherited)",
					"$(PROJECT_DIR)",
				);
				PRODUCT_NAME = "$(TARGET_NAME)";
			};
			name = Release;
		};
/* End XCBuildConfiguration section */

/* Begin XCConfigurationList section */
		50DED9AC1D066FD800D2EAD7 /* Build configuration list for PBXProject "macDemo" */ = {
			isa = XCConfigurationList;
			buildConfigurations = (
				50DED9B61D066FD800D2EAD7 /* Debug */,
				50DED9B71D066FD800D2EAD7 /* Release */,
			);
			defaultConfigurationIsVisible = 0;
			defaultConfigurationName = Release;
		};
		50DED9B81D066FD800D2EAD7 /* Build configuration list for PBXNativeTarget "macDemo" */ = {
			isa = XCConfigurationList;
			buildConfigurations = (
				50DED9B91D066FD800D2EAD7 /* Debug */,
				50DED9BA1D066FD800D2EAD7 /* Release */,
			);
			defaultConfigurationIsVisible = 0;
			defaultConfigurationName = Release;
		};
/* End XCConfigurationList section */
	};
	rootObject = 50DED9A91D066FD800D2EAD7 /* Project object */;
}
